
Microsoft Visual Studio Solution File, Format Version 12.00
# Visual Studio Version 17
VisualStudioVersion = 17.8.34511.84
MinimumVisualStudioVersion = 10.0.40219.1
Project("{9A19103F-16F7-4668-BE54-9A1E7A4F7556}") = "LotteryGame", "LotteryGame\LotteryGame.csproj", "{3CD2B60E-E5D7-47BF-A851-0028A793B3C2}"
EndProject
Project("{9A19103F-16F7-4668-BE54-9A1E7A4F7556}") = "LotteryGame.Tests", "LotteryGame.Tests\LotteryGame.Tests.csproj", "{F1B0E076-7B23-4910-AE09-07918113C156}"
EndProject
Global
	GlobalSection(SolutionConfigurationPlatforms) = preSolution
		Debug|Any CPU = Debug|Any CPU
		Release|Any CPU = Release|Any CPU
	EndGlobalSection
	GlobalSection(ProjectConfigurationPlatforms) = postSolution
		{3CD2B60E-E5D7-47BF-A851-0028A793B3C2}.Debug|Any CPU.ActiveCfg = Debug|Any CPU
		{3CD2B60E-E5D7-47BF-A851-0028A793B3C2}.Debug|Any CPU.Build.0 = Debug|Any CPU
		{3CD2B60E-E5D7-47BF-A851-0028A793B3C2}.Release|Any CPU.ActiveCfg = Release|Any CPU
		{3CD2B60E-E5D7-47BF-A851-0028A793B3C2}.Release|Any CPU.Build.0 = Release|Any CPU
		{F1B0E076-7B23-4910-AE09-07918113C156}.Debug|Any CPU.ActiveCfg = Debug|Any CPU
		{F1B0E076-7B23-4910-AE09-07918113C156}.Debug|Any CPU.Build.0 = Debug|Any CPU
		{F1B0E076-7B23-4910-AE09-07918113C156}.Release|Any CPU.ActiveCfg = Release|Any CPU
		{F1B0E076-7B23-4910-AE09-07918113C156}.Release|Any CPU.Build.0 = Release|Any CPU
	EndGlobalSection
	GlobalSection(SolutionProperties) = preSolution
		HideSolutionNode = FALSE
	EndGlobalSection
	GlobalSection(ExtensibilityGlobals) = postSolution
		SolutionGuid = {2F50D423-9382-41A9-8CB2-D8EAC865F281}
	EndGlobalSection
EndGlobal
